[[package]]
category = "dev"
description = "Atomic file writes."
name = "atomicwrites"
optional = false
python-versions = ">=2.7, !=3.0.*, !=3.1.*, !=3.2.*, !=3.3.*"
version = "1.4.0"

[[package]]
category = "dev"
description = "Classes Without Boilerplate"
name = "attrs"
optional = false
python-versions = ">=2.7, !=3.0.*, !=3.1.*, !=3.2.*, !=3.3.*"
version = "20.1.0"

[package.extras]
dev = ["coverage (>=5.0.2)", "hypothesis", "pympler", "pytest (>=4.3.0)", "six", "zope.interface", "sphinx", "sphinx-rtd-theme", "pre-commit"]
docs = ["sphinx", "sphinx-rtd-theme", "zope.interface"]
tests = ["coverage (>=5.0.2)", "hypothesis", "pympler", "pytest (>=4.3.0)", "six", "zope.interface"]

[[package]]
category = "dev"
description = "Cross-platform colored terminal text."
marker = "sys_platform == \"win32\""
name = "colorama"
optional = false
python-versions = ">=2.7, !=3.0.*, !=3.1.*, !=3.2.*, !=3.3.*, !=3.4.*"
version = "0.4.3"

[[package]]
category = "main"
description = "Common protobufs used in Google APIs"
name = "googleapis-common-protos"
optional = false
python-versions = ">=2.7,!=3.0.*,!=3.1.*,!=3.2.*,!=3.3.*"
version = "1.52.0"

[package.dependencies]
protobuf = ">=3.6.0"

[package.extras]
grpc = ["grpcio (>=1.0.0)"]

[[package]]
category = "main"
description = "HTTP/2-based RPC framework"
name = "grpcio"
optional = false
python-versions = "*"
version = "1.31.0"

[package.dependencies]
six = ">=1.5.2"

[package.extras]
protobuf = ["grpcio-tools (>=1.31.0)"]

[[package]]
category = "main"
description = "Protobuf code generator for gRPC"
name = "grpcio-tools"
optional = false
python-versions = "*"
version = "1.31.0"

[package.dependencies]
grpcio = ">=1.31.0"
protobuf = ">=3.5.0.post1,<4.0dev"

[[package]]
category = "dev"
description = "Read metadata from Python packages"
marker = "python_version < \"3.8\""
name = "importlib-metadata"
optional = false
python-versions = "!=3.0.*,!=3.1.*,!=3.2.*,!=3.3.*,!=3.4.*,>=2.7"
version = "1.7.0"

[package.dependencies]
zipp = ">=0.5"

[package.extras]
docs = ["sphinx", "rst.linker"]
testing = ["packaging", "pep517", "importlib-resources (>=1.3)"]

[[package]]
category = "dev"
description = "More routines for operating on iterables, beyond itertools"
name = "more-itertools"
optional = false
python-versions = ">=3.5"
version = "8.5.0"

[[package]]
category = "main"
description = "NumPy is the fundamental package for array computing with Python."
name = "numpy"
optional = false
python-versions = ">=3.6"
version = "1.19.1"

[[package]]
category = "main"
description = "Powerful data structures for data analysis, time series, and statistics"
name = "pandas"
optional = false
python-versions = ">=3.6.1"
version = "1.1.1"

[package.dependencies]
numpy = ">=1.15.4"
python-dateutil = ">=2.7.3"
pytz = ">=2017.2"

[package.extras]
test = ["pytest (>=4.0.2)", "pytest-xdist", "hypothesis (>=3.58)"]

[[package]]
category = "dev"
description = "plugin and hook calling mechanisms for python"
name = "pluggy"
optional = false
python-versions = ">=2.7, !=3.0.*, !=3.1.*, !=3.2.*, !=3.3.*"
version = "0.13.1"

[package.dependencies]
[package.dependencies.importlib-metadata]
python = "<3.8"
version = ">=0.12"

[package.extras]
dev = ["pre-commit", "tox"]

[[package]]
category = "main"
description = "Protocol Buffers"
name = "protobuf"
optional = false
python-versions = "*"
version = "3.13.0"

[package.dependencies]
setuptools = "*"
six = ">=1.9"

[[package]]
category = "dev"
description = "library with cross-python path, ini-parsing, io, code, log facilities"
name = "py"
optional = false
python-versions = ">=2.7, !=3.0.*, !=3.1.*, !=3.2.*, !=3.3.*"
version = "1.9.0"

[[package]]
category = "dev"
description = "pytest: simple powerful testing with Python"
name = "pytest"
optional = false
python-versions = ">=2.7, !=3.0.*, !=3.1.*, !=3.2.*, !=3.3.*"
version = "3.10.1"

[package.dependencies]
atomicwrites = ">=1.0"
attrs = ">=17.4.0"
colorama = "*"
more-itertools = ">=4.0.0"
pluggy = ">=0.7"
py = ">=1.5.0"
setuptools = "*"
six = ">=1.10.0"

[[package]]
category = "main"
description = "Extensions to the standard Python datetime module"
name = "python-dateutil"
optional = false
python-versions = "!=3.0.*,!=3.1.*,!=3.2.*,>=2.7"
version = "2.8.1"

[package.dependencies]
six = ">=1.5"

[[package]]
category = "main"
description = "World timezone definitions, modern and historical"
name = "pytz"
optional = false
python-versions = "*"
version = "2020.1"

[[package]]
category = "main"
description = "Python 2 and 3 compatibility utilities"
name = "six"
optional = false
python-versions = ">=2.7, !=3.0.*, !=3.1.*, !=3.2.*"
version = "1.15.0"

[[package]]
category = "dev"
description = "Backport of pathlib-compatible object wrapper for zip files"
marker = "python_version < \"3.8\""
name = "zipp"
optional = false
python-versions = ">=3.6"
version = "3.1.0"

[package.extras]
docs = ["sphinx", "jaraco.packaging (>=3.2)", "rst.linker (>=1.9)"]
testing = ["jaraco.itertools", "func-timeout"]

[metadata]
content-hash = "7879b0a7bfe9bb13982eda542ae0e81014f527ad5be29f6278aa0dd97d1d98f2"
python-versions = "^3.6.1"

[metadata.files]
atomicwrites = [
    {file = "atomicwrites-1.4.0-py2.py3-none-any.whl", hash = "sha256:6d1784dea7c0c8d4a5172b6c620f40b6e4cbfdf96d783691f2e1302a7b88e197"},
    {file = "atomicwrites-1.4.0.tar.gz", hash = "sha256:ae70396ad1a434f9c7046fd2dd196fc04b12f9e91ffb859164193be8b6168a7a"},
]
attrs = [
    {file = "attrs-20.1.0-py2.py3-none-any.whl", hash = "sha256:2867b7b9f8326499ab5b0e2d12801fa5c98842d2cbd22b35112ae04bf85b4dff"},
    {file = "attrs-20.1.0.tar.gz", hash = "sha256:0ef97238856430dcf9228e07f316aefc17e8939fc8507e18c6501b761ef1a42a"},
]
colorama = [
    {file = "colorama-0.4.3-py2.py3-none-any.whl", hash = "sha256:7d73d2a99753107a36ac6b455ee49046802e59d9d076ef8e47b61499fa29afff"},
    {file = "colorama-0.4.3.tar.gz", hash = "sha256:e96da0d330793e2cb9485e9ddfd918d456036c7149416295932478192f4436a1"},
]
googleapis-common-protos = [
    {file = "googleapis-common-protos-1.52.0.tar.gz", hash = "sha256:560716c807117394da12cecb0a54da5a451b5cf9866f1d37e9a5e2329a665351"},
    {file = "googleapis_common_protos-1.52.0-py2.py3-none-any.whl", hash = "sha256:c8961760f5aad9a711d37b675be103e0cc4e9a39327e0d6d857872f698403e24"},
]
grpcio = [
    {file = "grpcio-1.31.0-cp27-cp27m-macosx_10_9_x86_64.whl", hash = "sha256:e8c3264b0fd728aadf3f0324471843f65bd3b38872bdab2a477e31ffb685dd5b"},
    {file = "grpcio-1.31.0-cp27-cp27m-manylinux2010_i686.whl", hash = "sha256:5fb0923b16590bac338e92d98c7d8effb3cfad1d2e18c71bf86bde32c49cd6dd"},
    {file = "grpcio-1.31.0-cp27-cp27m-manylinux2010_x86_64.whl", hash = "sha256:58d7121f48cb94535a4cedcce32921d0d0a78563c7372a143dedeec196d1c637"},
    {file = "grpcio-1.31.0-cp27-cp27m-win32.whl", hash = "sha256:ea849210e7362559f326cbe603d5b8d8bb1e556e86a7393b5a8847057de5b084"},
    {file = "grpcio-1.31.0-cp27-cp27m-win_amd64.whl", hash = "sha256:ba3e43cb984399064ffaa3c0997576e46a1e268f9da05f97cd9b272f0b59ee71"},
    {file = "grpcio-1.31.0-cp27-cp27mu-linux_armv7l.whl", hash = "sha256:ebb2ca09fa17537e35508a29dcb05575d4d9401138a68e83d1c605d65e8a1770"},
    {file = "grpcio-1.31.0-cp27-cp27mu-manylinux2010_i686.whl", hash = "sha256:292635f05b6ce33f87116951d0b3d8d330bdfc5cac74f739370d60981e8c256c"},
    {file = "grpcio-1.31.0-cp27-cp27mu-manylinux2010_x86_64.whl", hash = "sha256:92e54ab65e782f227e751c7555918afaba8d1229601687e89b80c2b65d2f6642"},
    {file = "grpcio-1.31.0-cp35-cp35m-linux_armv7l.whl", hash = "sha256:013287f99c99b201aa8a5f6bc7918f616739b9be031db132d9e3b8453e95e151"},
    {file = "grpcio-1.31.0-cp35-cp35m-macosx_10_7_intel.whl", hash = "sha256:d2c5e05c257859febd03f5d81b5015e1946d6bcf475c7bf63ee99cea8ab0d590"},
    {file = "grpcio-1.31.0-cp35-cp35m-manylinux2010_i686.whl", hash = "sha256:c9016ab1eaf4e054099303287195f3746bd4e69f2631d040f9dca43e910a5408"},
    {file = "grpcio-1.31.0-cp35-cp35m-manylinux2010_x86_64.whl", hash = "sha256:baaa036540d7ace433bdf38a3fe5e41cf9f84cdf10a88bac805f678a7ca8ddcc"},
    {file = "grpcio-1.31.0-cp35-cp35m-manylinux2014_i686.whl", hash = "sha256:75e383053dccb610590aa53eed5278db5c09bf498d3b5105ce6c776478f59352"},
    {file = "grpcio-1.31.0-cp35-cp35m-manylinux2014_x86_64.whl", hash = "sha256:739a72abffbd36083ff7adbb862cf1afc1e311c35834bed9c0361d8e68b063e1"},
    {file = "grpcio-1.31.0-cp35-cp35m-win32.whl", hash = "sha256:f04c59d186af3157dc8811114130aaeae92e90a65283733f41de94eed484e1f7"},
    {file = "grpcio-1.31.0-cp35-cp35m-win_amd64.whl", hash = "sha256:ef9fce98b6fe03874c2a6576b02aec1a0df25742cd67d1d7b75a49e30aa74225"},
    {file = "grpcio-1.31.0-cp36-cp36m-linux_armv7l.whl", hash = "sha256:08a9b648dbe8852ff94b73a1c96da126834c3057ba2301d13e8c4adff334c482"},
    {file = "grpcio-1.31.0-cp36-cp36m-macosx_10_9_x86_64.whl", hash = "sha256:c22b19abba63562a5a200e586b5bde39d26c8ec30c92e26d209d81182371693b"},
    {file = "grpcio-1.31.0-cp36-cp36m-manylinux2010_i686.whl", hash = "sha256:0397616355760cd8282ed5ea34d51830ae4cb6613b7e5f66bed3be5d041b8b9a"},
    {file = "grpcio-1.31.0-cp36-cp36m-manylinux2010_x86_64.whl", hash = "sha256:259240aab2603891553e17ad5b2655693df79e02a9b887ff605bdeb2fcd3dcc9"},
    {file = "grpcio-1.31.0-cp36-cp36m-manylinux2014_i686.whl", hash = "sha256:8ca26b489b5dc1e3d31807d329c23d6cb06fe40fbae25b0649b718947936e26a"},
    {file = "grpcio-1.31.0-cp36-cp36m-manylinux2014_x86_64.whl", hash = "sha256:bf39977282a79dc1b2765cc3402c0ada571c29a491caec6ed12c0993c1ec115e"},
    {file = "grpcio-1.31.0-cp36-cp36m-win32.whl", hash = "sha256:f5b0870b733bcb7b6bf05a02035e7aaf20f599d3802b390282d4c2309f825f1d"},
    {file = "grpcio-1.31.0-cp36-cp36m-win_amd64.whl", hash = "sha256:074871a184483d5cd0746fd01e7d214d3ee9d36e67e32a5786b0a21f29fb8304"},
    {file = "grpcio-1.31.0-cp37-cp37m-macosx_10_9_x86_64.whl", hash = "sha256:220c46b1fc9c9a6fcca4caac398f08f0ed43cdd63c45b7458983c4a1575ef6df"},
    {file = "grpcio-1.31.0-cp37-cp37m-manylinux2010_i686.whl", hash = "sha256:7a11b1ebb3210f34913b8be6995936bf9ebc541a65ab69e75db5ce1fe5047e8f"},
    {file = "grpcio-1.31.0-cp37-cp37m-manylinux2010_x86_64.whl", hash = "sha256:3c2aa6d7a5e5bf73fdb1715eee777efe06dd39df03383f1cc095b2fdb34883e6"},
    {file = "grpcio-1.31.0-cp37-cp37m-manylinux2014_i686.whl", hash = "sha256:e64bddd09842ef508d72ca354319b0eb126205d951e8ac3128fe9869bd563552"},
    {file = "grpcio-1.31.0-cp37-cp37m-manylinux2014_x86_64.whl", hash = "sha256:5d7faa89992e015d245750ca9ac916c161bbf72777b2c60abc61da3fae41339e"},
    {file = "grpcio-1.31.0-cp37-cp37m-win32.whl", hash = "sha256:43d44548ad6ee738b941abd9f09e3b83a5c13f3e1410321023c3c148ba50e796"},
    {file = "grpcio-1.31.0-cp37-cp37m-win_amd64.whl", hash = "sha256:bf00ab06ea4f89976288f4d6224d4aa120780e30c955d4f85c3214ada29b3ddf"},
    {file = "grpcio-1.31.0-cp38-cp38-macosx_10_9_x86_64.whl", hash = "sha256:344b50865914cc8e6d023457bffee9a640abb18f75d0f2bb519041961c748da9"},
    {file = "grpcio-1.31.0-cp38-cp38-manylinux2010_i686.whl", hash = "sha256:63ee8e02d04272c3d103f44b4bce5d43ea757dd288673cea212d2f7da27967d2"},
    {file = "grpcio-1.31.0-cp38-cp38-manylinux2010_x86_64.whl", hash = "sha256:a9a7ae74cb3108e6457cf15532d4c300324b48fbcf3ef290bcd2835745f20510"},
    {file = "grpcio-1.31.0-cp38-cp38-manylinux2014_i686.whl", hash = "sha256:64077e3a9a7cf2f59e6c76d503c8de1f18a76428f41a5b000dc53c48a0b772ff"},
    {file = "grpcio-1.31.0-cp38-cp38-manylinux2014_x86_64.whl", hash = "sha256:8b42f0ac76be07a5fa31117a3388d754ad35ef05e2e34be185ca9ccbcfac2069"},
    {file = "grpcio-1.31.0-cp38-cp38-win32.whl", hash = "sha256:8002a89ea91c0078c15d3c0daf423fd4968946be78f08545e807ea9a5ff8054a"},
    {file = "grpcio-1.31.0-cp38-cp38-win_amd64.whl", hash = "sha256:0fa86ac4452602c79774783aa68979a1a7625ebb7eaabee2b6550b975b9d61e6"},
    {file = "grpcio-1.31.0.tar.gz", hash = "sha256:5043440c45c0a031f387e7f48527541c65d672005fb24cf18ef6857483557d39"},
]
grpcio-tools = [
    {file = "grpcio-tools-1.31.0.tar.gz", hash = "sha256:3b08cbd3f4d5b60e3bff8f859e6e03db739967a684268164abc940415e23ca51"},
    {file = "grpcio_tools-1.31.0-cp27-cp27m-macosx_10_9_x86_64.whl", hash = "sha256:fa472b13319bc68dcb23781682552b3148f09eae5f170ab9c5936bdc43bc154f"},
    {file = "grpcio_tools-1.31.0-cp27-cp27m-manylinux2010_i686.whl", hash = "sha256:e687db983f787079cc15055ae4011b8d780568133aec8b8514c2321a48a83c65"},
    {file = "grpcio_tools-1.31.0-cp27-cp27m-manylinux2010_x86_64.whl", hash = "sha256:82ea52b677477df5d69e0c492c13c75946ef07412101367c2c630f8b08cd3425"},
    {file = "grpcio_tools-1.31.0-cp27-cp27m-win32.whl", hash = "sha256:7ff04f2ef10d0967a990573cec88acc75a0f544d758bd46328f1065bf3f52002"},
    {file = "grpcio_tools-1.31.0-cp27-cp27m-win_amd64.whl", hash = "sha256:e1b46e3812591e0c4c61bbc1c96d92b554a7c0264667349b7ad7a2e2be760fd0"},
    {file = "grpcio_tools-1.31.0-cp27-cp27mu-linux_armv7l.whl", hash = "sha256:10ab271fd8808fa10f2c9541b3b256c7c678224d3c15f656442709dd9b591082"},
    {file = "grpcio_tools-1.31.0-cp27-cp27mu-manylinux2010_i686.whl", hash = "sha256:04320a95426f2a1b0a4b76a98fb79702d0557c9df400e78a9261a38f09475362"},
    {file = "grpcio_tools-1.31.0-cp27-cp27mu-manylinux2010_x86_64.whl", hash = "sha256:150d6e5642211df3e6af56fed963d625ed5e33b7c27d7dee6c400dc8f4edc19e"},
    {file = "grpcio_tools-1.31.0-cp35-cp35m-linux_armv7l.whl", hash = "sha256:eab1fd5f65b88ee34f58b823110012d66961b63827b2cdb20fe05df0a2525e5b"},
    {file = "grpcio_tools-1.31.0-cp35-cp35m-macosx_10_9_intel.whl", hash = "sha256:7f6edce2d18bccc3a494785519a62bed271c69186a2e8642dc4165066e196d2b"},
    {file = "grpcio_tools-1.31.0-cp35-cp35m-manylinux2010_i686.whl", hash = "sha256:013c11c8be408abcc4fea39a7222d94b84618f0794d3b6db2060ac967042ced2"},
    {file = "grpcio_tools-1.31.0-cp35-cp35m-manylinux2010_x86_64.whl", hash = "sha256:3e743797961185266e303cc0c0a365800108184425f31a4182f4ddb9788b59d7"},
    {file = "grpcio_tools-1.31.0-cp35-cp35m-manylinux2014_i686.whl", hash = "sha256:a945723b2205dd542ea9019c61682c50f82559c6f231ad11be848d00295870f1"},
    {file = "grpcio_tools-1.31.0-cp35-cp35m-manylinux2014_x86_64.whl", hash = "sha256:8faad8223a4c6b351943a0460822a09b7891cd3cdc16b5d3ad3db7516e3f09b2"},
    {file = "grpcio_tools-1.31.0-cp35-cp35m-win32.whl", hash = "sha256:262f53786148e5ba6990cdd91db76a252fef885a34fef94cd0f629103791640f"},
    {file = "grpcio_tools-1.31.0-cp35-cp35m-win_amd64.whl", hash = "sha256:a3a2039d2ee2cb58577dbdef8d70bbfaea03c3f08f8c49b63f854320da0130f9"},
    {file = "grpcio_tools-1.31.0-cp36-cp36m-linux_armv7l.whl", hash = "sha256:11849b3ca46d4e4e358d6fbccface509b885a32b91fbe5e9509136e54f2dcd9a"},
    {file = "grpcio_tools-1.31.0-cp36-cp36m-macosx_10_9_x86_64.whl", hash = "sha256:cdb52b6340d8e8954e08e5e345cc6b4defa9e0e075b4a57f2053ecac3065037c"},
    {file = "grpcio_tools-1.31.0-cp36-cp36m-manylinux2010_i686.whl", hash = "sha256:d36cb70313ab24eae7ca4da611303a768a4ec6739b20c677a39cba43d6a2b70e"},
    {file = "grpcio_tools-1.31.0-cp36-cp36m-manylinux2010_x86_64.whl", hash = "sha256:e2a7ef1deb955d7ea4e0aa8139ad42467710137421001c118e6a15c29662d34c"},
    {file = "grpcio_tools-1.31.0-cp36-cp36m-manylinux2014_i686.whl", hash = "sha256:1e454c1e28196d625ba8768baadece37667669a3142ec616245ac119c41b16b5"},
    {file = "grpcio_tools-1.31.0-cp36-cp36m-manylinux2014_x86_64.whl", hash = "sha256:fe8f8a188ab7e5955126588ba340f9a118d5a61173af8ca1b1cf05544a66312f"},
    {file = "grpcio_tools-1.31.0-cp36-cp36m-win32.whl", hash = "sha256:01efc0467bb67c395ddfe6b27902316ec953c2cd1b4936569665b0a5bccec66e"},
    {file = "grpcio_tools-1.31.0-cp36-cp36m-win_amd64.whl", hash = "sha256:a8d9f98a370332633ebc0c9be769a99b3ca2253dc2cd1ca942c26869fe4207d3"},
    {file = "grpcio_tools-1.31.0-cp37-cp37m-macosx_10_9_x86_64.whl", hash = "sha256:da61a10c60685979468ce97dc348ce4ebfc3fa5687874f36c9f834a8e645e9f2"},
    {file = "grpcio_tools-1.31.0-cp37-cp37m-manylinux2010_i686.whl", hash = "sha256:8efb0106bc71f984908b8510ffaba8b0a0905b871eb5cc6a684ce7d2e74bbd21"},
    {file = "grpcio_tools-1.31.0-cp37-cp37m-manylinux2010_x86_64.whl", hash = "sha256:8253aa47e1609dcb63001115416c81eada630f2606baace658eb44a36fa570f1"},
    {file = "grpcio_tools-1.31.0-cp37-cp37m-manylinux2014_i686.whl", hash = "sha256:7b1b8943b71709fbd2fc44bc3f5734fccbbd4eb1b13f3f294590dfb9e5ac714d"},
    {file = "grpcio_tools-1.31.0-cp37-cp37m-manylinux2014_x86_64.whl", hash = "sha256:9d96053c153673ddfa445890f4b1f9ca1b6100bd0f54a80bed29e8c0908cd830"},
    {file = "grpcio_tools-1.31.0-cp37-cp37m-win32.whl", hash = "sha256:d72f1cb2c8d0f20a8356f800c81413798caf29713a03ff8d73c776ba2baca626"},
    {file = "grpcio_tools-1.31.0-cp37-cp37m-win_amd64.whl", hash = "sha256:286979d3780f85ccc80c1dae86e0b649f25f4d18dcae123b87555468b4a14071"},
    {file = "grpcio_tools-1.31.0-cp38-cp38-macosx_10_9_x86_64.whl", hash = "sha256:66ce45b67b302662b378151522b9cdf04968bbd91678f88982c7b0a1f185fc78"},
    {file = "grpcio_tools-1.31.0-cp38-cp38-manylinux2010_i686.whl", hash = "sha256:146a583c395b1548fae2162c671c21a0ec1bf628c9d02951f77f28e70eeb7f74"},
    {file = "grpcio_tools-1.31.0-cp38-cp38-manylinux2010_x86_64.whl", hash = "sha256:5585da595d8d164c2908bffaf39801674974ac95ee47971df87b2c41b36e4c60"},
    {file = "grpcio_tools-1.31.0-cp38-cp38-manylinux2014_i686.whl", hash = "sha256:a642a0aa02223375c502e8380bb59f9e7bd21084ff7d0380a5b3e16408a6690a"},
    {file = "grpcio_tools-1.31.0-cp38-cp38-manylinux2014_x86_64.whl", hash = "sha256:0cde7d7271f2633e7b1cff9bac171921133618ef3452a1e6f1752c0a32dbf94a"},
    {file = "grpcio_tools-1.31.0-cp38-cp38-win32.whl", hash = "sha256:54285a3f9b110b1e08dcf96832f2b9f7d4c4a14556a8bbce41d98cea7f226e6c"},
    {file = "grpcio_tools-1.31.0-cp38-cp38-win_amd64.whl", hash = "sha256:66c4948babbd698fef3e5fa47811267dad08f9cb3455a4866b98c854a4a01f46"},
]
importlib-metadata = [
    {file = "importlib_metadata-1.7.0-py2.py3-none-any.whl", hash = "sha256:dc15b2969b4ce36305c51eebe62d418ac7791e9a157911d58bfb1f9ccd8e2070"},
    {file = "importlib_metadata-1.7.0.tar.gz", hash = "sha256:90bb658cdbbf6d1735b6341ce708fc7024a3e14e99ffdc5783edea9f9b077f83"},
]
more-itertools = [
    {file = "more-itertools-8.5.0.tar.gz", hash = "sha256:6f83822ae94818eae2612063a5101a7311e68ae8002005b5e05f03fd74a86a20"},
    {file = "more_itertools-8.5.0-py3-none-any.whl", hash = "sha256:9b30f12df9393f0d28af9210ff8efe48d10c94f73e5daf886f10c4b0b0b4f03c"},
]
numpy = [
    {file = "numpy-1.19.1-cp36-cp36m-macosx_10_9_x86_64.whl", hash = "sha256:b1cca51512299841bf69add3b75361779962f9cee7d9ee3bb446d5982e925b69"},
    {file = "numpy-1.19.1-cp36-cp36m-manylinux1_i686.whl", hash = "sha256:c9591886fc9cbe5532d5df85cb8e0cc3b44ba8ce4367bd4cf1b93dc19713da72"},
    {file = "numpy-1.19.1-cp36-cp36m-manylinux1_x86_64.whl", hash = "sha256:cf1347450c0b7644ea142712619533553f02ef23f92f781312f6a3553d031fc7"},
    {file = "numpy-1.19.1-cp36-cp36m-manylinux2010_i686.whl", hash = "sha256:ed8a311493cf5480a2ebc597d1e177231984c818a86875126cfd004241a73c3e"},
    {file = "numpy-1.19.1-cp36-cp36m-manylinux2010_x86_64.whl", hash = "sha256:3673c8b2b29077f1b7b3a848794f8e11f401ba0b71c49fbd26fb40b71788b132"},
    {file = "numpy-1.19.1-cp36-cp36m-manylinux2014_aarch64.whl", hash = "sha256:56ef7f56470c24bb67fb43dae442e946a6ce172f97c69f8d067ff8550cf782ff"},
    {file = "numpy-1.19.1-cp36-cp36m-win32.whl", hash = "sha256:aaf42a04b472d12515debc621c31cf16c215e332242e7a9f56403d814c744624"},
    {file = "numpy-1.19.1-cp36-cp36m-win_amd64.whl", hash = "sha256:082f8d4dd69b6b688f64f509b91d482362124986d98dc7dc5f5e9f9b9c3bb983"},
    {file = "numpy-1.19.1-cp37-cp37m-macosx_10_9_x86_64.whl", hash = "sha256:e4f6d3c53911a9d103d8ec9518190e52a8b945bab021745af4939cfc7c0d4a9e"},
    {file = "numpy-1.19.1-cp37-cp37m-manylinux1_i686.whl", hash = "sha256:5b6885c12784a27e957294b60f97e8b5b4174c7504665333c5e94fbf41ae5d6a"},
    {file = "numpy-1.19.1-cp37-cp37m-manylinux1_x86_64.whl", hash = "sha256:1bc0145999e8cb8aed9d4e65dd8b139adf1919e521177f198529687dbf613065"},
    {file = "numpy-1.19.1-cp37-cp37m-manylinux2010_i686.whl", hash = "sha256:5a936fd51049541d86ccdeef2833cc89a18e4d3808fe58a8abeb802665c5af93"},
    {file = "numpy-1.19.1-cp37-cp37m-manylinux2010_x86_64.whl", hash = "sha256:ef71a1d4fd4858596ae80ad1ec76404ad29701f8ca7cdcebc50300178db14dfc"},
    {file = "numpy-1.19.1-cp37-cp37m-manylinux2014_aarch64.whl", hash = "sha256:b9792b0ac0130b277536ab8944e7b754c69560dac0415dd4b2dbd16b902c8954"},
    {file = "numpy-1.19.1-cp37-cp37m-win32.whl", hash = "sha256:b12e639378c741add21fbffd16ba5ad25c0a1a17cf2b6fe4288feeb65144f35b"},
    {file = "numpy-1.19.1-cp37-cp37m-win_amd64.whl", hash = "sha256:8343bf67c72e09cfabfab55ad4a43ce3f6bf6e6ced7acf70f45ded9ebb425055"},
    {file = "numpy-1.19.1-cp38-cp38-macosx_10_9_x86_64.whl", hash = "sha256:e45f8e981a0ab47103181773cc0a54e650b2aef8c7b6cd07405d0fa8d869444a"},
    {file = "numpy-1.19.1-cp38-cp38-manylinux1_i686.whl", hash = "sha256:667c07063940e934287993366ad5f56766bc009017b4a0fe91dbd07960d0aba7"},
    {file = "numpy-1.19.1-cp38-cp38-manylinux1_x86_64.whl", hash = "sha256:480fdd4dbda4dd6b638d3863da3be82873bba6d32d1fc12ea1b8486ac7b8d129"},
    {file = "numpy-1.19.1-cp38-cp38-manylinux2010_i686.whl", hash = "sha256:935c27ae2760c21cd7354402546f6be21d3d0c806fffe967f745d5f2de5005a7"},
    {file = "numpy-1.19.1-cp38-cp38-manylinux2010_x86_64.whl", hash = "sha256:309cbcfaa103fc9a33ec16d2d62569d541b79f828c382556ff072442226d1968"},
    {file = "numpy-1.19.1-cp38-cp38-manylinux2014_aarch64.whl", hash = "sha256:7ed448ff4eaffeb01094959b19cbaf998ecdee9ef9932381420d514e446601cd"},
    {file = "numpy-1.19.1-cp38-cp38-win32.whl", hash = "sha256:de8b4a9b56255797cbddb93281ed92acbc510fb7b15df3f01bd28f46ebc4edae"},
    {file = "numpy-1.19.1-cp38-cp38-win_amd64.whl", hash = "sha256:92feb989b47f83ebef246adabc7ff3b9a59ac30601c3f6819f8913458610bdcc"},
    {file = "numpy-1.19.1-pp36-pypy36_pp73-manylinux2010_x86_64.whl", hash = "sha256:e1b1dc0372f530f26a03578ac75d5e51b3868b9b76cd2facba4c9ee0eb252ab1"},
    {file = "numpy-1.19.1.zip", hash = "sha256:b8456987b637232602ceb4d663cb34106f7eb780e247d51a260b84760fd8f491"},
]
pandas = [
    {file = "pandas-1.1.1-cp36-cp36m-macosx_10_9_x86_64.whl", hash = "sha256:8c9ec12c480c4d915e23ee9c8a2d8eba8509986f35f307771045c1294a2e5b73"},
    {file = "pandas-1.1.1-cp36-cp36m-manylinux1_i686.whl", hash = "sha256:e4b6c98f45695799990da328e6fd7d6187be32752ed64c2f22326ad66762d179"},
    {file = "pandas-1.1.1-cp36-cp36m-manylinux1_x86_64.whl", hash = "sha256:16ae070c47474008769fc443ac765ffd88c3506b4a82966e7a605592978896f9"},
    {file = "pandas-1.1.1-cp36-cp36m-win32.whl", hash = "sha256:88930c74f69e97b17703600233c0eaf1f4f4dd10c14633d522724c5c1b963ec4"},
    {file = "pandas-1.1.1-cp36-cp36m-win_amd64.whl", hash = "sha256:fe6f1623376b616e03d51f0dd95afd862cf9a33c18cf55ce0ed4bbe1c4444391"},
    {file = "pandas-1.1.1-cp37-cp37m-macosx_10_9_x86_64.whl", hash = "sha256:a81c4bf9c59010aa3efddbb6b9fc84a9b76dc0b4da2c2c2d50f06a9ef6ac0004"},
    {file = "pandas-1.1.1-cp37-cp37m-manylinux1_i686.whl", hash = "sha256:1acc2bd7fc95e5408a4456897c2c2a1ae7c6acefe108d90479ab6d98d34fcc3d"},
    {file = "pandas-1.1.1-cp37-cp37m-manylinux1_x86_64.whl", hash = "sha256:84c101d0f7bbf0d9f1be9a2f29f6fcc12415442558d067164e50a56edfb732b4"},
    {file = "pandas-1.1.1-cp37-cp37m-win32.whl", hash = "sha256:391db82ebeb886143b96b9c6c6166686c9a272d00020e4e39ad63b792542d9e2"},
    {file = "pandas-1.1.1-cp37-cp37m-win_amd64.whl", hash = "sha256:0366150fe8ee37ef89a45d3093e05026b5f895e42bbce3902ce3b6427f1b8471"},
    {file = "pandas-1.1.1-cp38-cp38-macosx_10_9_x86_64.whl", hash = "sha256:d9644ac996149b2a51325d48d77e25c911e01aa6d39dc1b64be679cd71f683ec"},
    {file = "pandas-1.1.1-cp38-cp38-manylinux1_i686.whl", hash = "sha256:41675323d4fcdd15abde068607cad150dfe17f7d32290ee128e5fea98442bd09"},
    {file = "pandas-1.1.1-cp38-cp38-manylinux1_x86_64.whl", hash = "sha256:0246c67cbaaaac8d25fed8d4cf2d8897bd858f0e540e8528a75281cee9ac516d"},
    {file = "pandas-1.1.1-cp38-cp38-win32.whl", hash = "sha256:01b1e536eb960822c5e6b58357cad8c4b492a336f4a5630bf0b598566462a578"},
    {file = "pandas-1.1.1-cp38-cp38-win_amd64.whl", hash = "sha256:57c5f6be49259cde8e6f71c2bf240a26b071569cabc04c751358495d09419e56"},
    {file = "pandas-1.1.1.tar.gz", hash = "sha256:53328284a7bb046e2e885fd1b8c078bd896d7fc4575b915d4936f54984a2ba67"},
]
pluggy = [
    {file = "pluggy-0.13.1-py2.py3-none-any.whl", hash = "sha256:966c145cd83c96502c3c3868f50408687b38434af77734af1e9ca461a4081d2d"},
    {file = "pluggy-0.13.1.tar.gz", hash = "sha256:15b2acde666561e1298d71b523007ed7364de07029219b604cf808bfa1c765b0"},
]
protobuf = [
    {file = "protobuf-3.13.0-cp27-cp27m-macosx_10_9_x86_64.whl", hash = "sha256:9c2e63c1743cba12737169c447374fab3dfeb18111a460a8c1a000e35836b18c"},
    {file = "protobuf-3.13.0-cp27-cp27mu-manylinux1_x86_64.whl", hash = "sha256:1e834076dfef9e585815757a2c7e4560c7ccc5962b9d09f831214c693a91b463"},
    {file = "protobuf-3.13.0-cp35-cp35m-macosx_10_9_intel.whl", hash = "sha256:df3932e1834a64b46ebc262e951cd82c3cf0fa936a154f0a42231140d8237060"},
    {file = "protobuf-3.13.0-cp35-cp35m-manylinux1_x86_64.whl", hash = "sha256:8c35bcbed1c0d29b127c886790e9d37e845ffc2725cc1db4bd06d70f4e8359f4"},
    {file = "protobuf-3.13.0-cp35-cp35m-win32.whl", hash = "sha256:339c3a003e3c797bc84499fa32e0aac83c768e67b3de4a5d7a5a9aa3b0da634c"},
    {file = "protobuf-3.13.0-cp35-cp35m-win_amd64.whl", hash = "sha256:361acd76f0ad38c6e38f14d08775514fbd241316cce08deb2ce914c7dfa1184a"},
    {file = "protobuf-3.13.0-cp36-cp36m-macosx_10_9_x86_64.whl", hash = "sha256:9edfdc679a3669988ec55a989ff62449f670dfa7018df6ad7f04e8dbacb10630"},
    {file = "protobuf-3.13.0-cp36-cp36m-manylinux1_x86_64.whl", hash = "sha256:5db9d3e12b6ede5e601b8d8684a7f9d90581882925c96acf8495957b4f1b204b"},
    {file = "protobuf-3.13.0-cp36-cp36m-win32.whl", hash = "sha256:c8abd7605185836f6f11f97b21200f8a864f9cb078a193fe3c9e235711d3ff1e"},
    {file = "protobuf-3.13.0-cp36-cp36m-win_amd64.whl", hash = "sha256:4d1174c9ed303070ad59553f435846a2f877598f59f9afc1b89757bdf846f2a7"},
    {file = "protobuf-3.13.0-cp37-cp37m-macosx_10_9_x86_64.whl", hash = "sha256:0bba42f439bf45c0f600c3c5993666fcb88e8441d011fad80a11df6f324eef33"},
    {file = "protobuf-3.13.0-cp37-cp37m-manylinux1_x86_64.whl", hash = "sha256:c0c5ab9c4b1eac0a9b838f1e46038c3175a95b0f2d944385884af72876bd6bc7"},
    {file = "protobuf-3.13.0-cp37-cp37m-win32.whl", hash = "sha256:f68eb9d03c7d84bd01c790948320b768de8559761897763731294e3bc316decb"},
    {file = "protobuf-3.13.0-cp37-cp37m-win_amd64.whl", hash = "sha256:91c2d897da84c62816e2f473ece60ebfeab024a16c1751aaf31100127ccd93ec"},
    {file = "protobuf-3.13.0-cp38-cp38-macosx_10_9_x86_64.whl", hash = "sha256:3dee442884a18c16d023e52e32dd34a8930a889e511af493f6dc7d4d9bf12e4f"},
    {file = "protobuf-3.13.0-cp38-cp38-manylinux1_x86_64.whl", hash = "sha256:e7662437ca1e0c51b93cadb988f9b353fa6b8013c0385d63a70c8a77d84da5f9"},
    {file = "protobuf-3.13.0-py2.py3-none-any.whl", hash = "sha256:d69697acac76d9f250ab745b46c725edf3e98ac24763990b24d58c16c642947a"},
    {file = "protobuf-3.13.0.tar.gz", hash = "sha256:6a82e0c8bb2bf58f606040cc5814e07715b2094caeba281e2e7d0b0e2e397db5"},
]
py = [
    {file = "py-1.9.0-py2.py3-none-any.whl", hash = "sha256:366389d1db726cd2fcfc79732e75410e5fe4d31db13692115529d34069a043c2"},
    {file = "py-1.9.0.tar.gz", hash = "sha256:9ca6883ce56b4e8da7e79ac18787889fa5206c79dcc67fb065376cd2fe03f342"},
]
pytest = [
    {file = "pytest-3.10.1-py2.py3-none-any.whl", hash = "sha256:3f193df1cfe1d1609d4c583838bea3d532b18d6160fd3f55c9447fdca30848ec"},
    {file = "pytest-3.10.1.tar.gz", hash = "sha256:e246cf173c01169b9617fc07264b7b1316e78d7a650055235d6d897bc80d9660"},
]
python-dateutil = [
    {file = "python-dateutil-2.8.1.tar.gz", hash = "sha256:73ebfe9dbf22e832286dafa60473e4cd239f8592f699aa5adaf10050e6e1823c"},
    {file = "python_dateutil-2.8.1-py2.py3-none-any.whl", hash = "sha256:75bb3f31ea686f1197762692a9ee6a7550b59fc6ca3a1f4b5d7e32fb98e2da2a"},
]
pytz = [
    {file = "pytz-2020.1-py2.py3-none-any.whl", hash = "sha256:a494d53b6d39c3c6e44c3bec237336e14305e4f29bbf800b599253057fbb79ed"},
    {file = "pytz-2020.1.tar.gz", hash = "sha256:c35965d010ce31b23eeb663ed3cc8c906275d6be1a34393a1d73a41febf4a048"},
]
six = [
    {file = "six-1.15.0-py2.py3-none-any.whl", hash = "sha256:8b74bedcbbbaca38ff6d7491d76f2b06b3592611af620f8426e82dddb04a5ced"},
    {file = "six-1.15.0.tar.gz", hash = "sha256:30639c035cdb23534cd4aa2dd52c3bf48f06e5f4a941509c8bafd8ce11080259"},
]
zipp = [
    {file = "zipp-3.1.0-py3-none-any.whl", hash = "sha256:aa36550ff0c0b7ef7fa639055d797116ee891440eac1a56f378e2d3179e0320b"},
    {file = "zipp-3.1.0.tar.gz", hash = "sha256:c599e4d75c98f6798c509911d08a22e6c021d074469042177c8c86fb92eefd96"},
]
