[[package]]
category = "dev"
description = "Atomic file writes."
name = "atomicwrites"
optional = false
python-versions = ">=2.7, !=3.0.*, !=3.1.*, !=3.2.*, !=3.3.*"
version = "1.3.0"

[[package]]
category = "dev"
description = "Classes Without Boilerplate"
name = "attrs"
optional = false
python-versions = ">=2.7, !=3.0.*, !=3.1.*, !=3.2.*, !=3.3.*"
version = "19.1.0"

[[package]]
category = "dev"
description = "Cross-platform colored terminal text."
marker = "sys_platform == \"win32\""
name = "colorama"
optional = false
python-versions = ">=2.7, !=3.0.*, !=3.1.*, !=3.2.*, !=3.3.*"
version = "0.4.1"

[[package]]
category = "main"
description = "Common protobufs used in Google APIs"
name = "googleapis-common-protos"
optional = false
python-versions = "*"
version = "1.5.9"

[package.dependencies]
protobuf = ">=3.6.0"

[[package]]
category = "main"
description = "HTTP/2-based RPC framework"
name = "grpcio"
optional = false
python-versions = "*"
version = "1.20.0"

[package.dependencies]
six = ">=1.5.2"

[[package]]
category = "main"
description = "Protobuf code generator for gRPC"
name = "grpcio-tools"
optional = false
python-versions = "*"
version = "1.20.0"

[package.dependencies]
grpcio = ">=1.20.0"
protobuf = ">=3.5.0.post1"

[[package]]
category = "dev"
description = "More routines for operating on iterables, beyond itertools"
name = "more-itertools"
optional = false
python-versions = ">=3.4"
version = "7.0.0"

[[package]]
category = "main"
description = "NumPy is the fundamental package for array computing with Python."
name = "numpy"
optional = false
python-versions = ">=2.7,!=3.0.*,!=3.1.*,!=3.2.*,!=3.3.*"
version = "1.16.3"

[[package]]
category = "main"
description = "Powerful data structures for data analysis, time series, and statistics"
name = "pandas"
optional = false
python-versions = ">=2.7,!=3.0.*,!=3.1.*,!=3.2.*,!=3.3.*,!=3.4.*"
version = "0.23.4"

[package.dependencies]
numpy = ">=1.9.0"
python-dateutil = ">=2.5.0"
pytz = ">=2011k"

[[package]]
category = "dev"
description = "Object-oriented filesystem paths"
marker = "python_version < \"3.6\""
name = "pathlib2"
optional = false
python-versions = "*"
version = "2.3.3"

[package.dependencies]
six = "*"

[[package]]
category = "dev"
description = "plugin and hook calling mechanisms for python"
name = "pluggy"
optional = false
python-versions = ">=2.7, !=3.0.*, !=3.1.*, !=3.2.*, !=3.3.*"
version = "0.9.0"

[[package]]
category = "main"
description = "Protocol Buffers"
name = "protobuf"
optional = false
python-versions = "*"
version = "3.7.1"

[package.dependencies]
setuptools = "*"
six = ">=1.9"

[[package]]
category = "dev"
description = "library with cross-python path, ini-parsing, io, code, log facilities"
name = "py"
optional = false
python-versions = ">=2.7, !=3.0.*, !=3.1.*, !=3.2.*, !=3.3.*"
version = "1.8.0"

[[package]]
category = "dev"
description = "pytest: simple powerful testing with Python"
name = "pytest"
optional = false
python-versions = ">=2.7, !=3.0.*, !=3.1.*, !=3.2.*, !=3.3.*"
version = "3.10.1"

[package.dependencies]
atomicwrites = ">=1.0"
attrs = ">=17.4.0"
colorama = "*"
more-itertools = ">=4.0.0"
pluggy = ">=0.7"
py = ">=1.5.0"
setuptools = "*"
six = ">=1.10.0"

[package.dependencies.pathlib2]
python = "<3.6"
version = ">=2.2.0"

[[package]]
category = "main"
description = "Extensions to the standard Python datetime module"
name = "python-dateutil"
optional = false
python-versions = ">=2.7, !=3.0.*, !=3.1.*, !=3.2.*"
version = "2.8.0"

[package.dependencies]
six = ">=1.5"

[[package]]
category = "main"
description = "World timezone definitions, modern and historical"
name = "pytz"
optional = false
python-versions = "*"
version = "2019.1"

[[package]]
category = "main"
description = "Python 2 and 3 compatibility utilities"
name = "six"
optional = false
python-versions = ">=2.6, !=3.0.*, !=3.1.*"
version = "1.12.0"

[metadata]
content-hash = "e192b3c11f83437f794bc7401b08e60e6866b884f4d02e7c6b6892c58f759480"
python-versions = "^3.5"

[metadata.hashes]
atomicwrites = ["03472c30eb2c5d1ba9227e4c2ca66ab8287fbfbbda3888aa93dc2e28fc6811b4", "75a9445bac02d8d058d5e1fe689654ba5a6556a1dfd8ce6ec55a0ed79866cfa6"]
attrs = ["69c0dbf2ed392de1cb5ec704444b08a5ef81680a61cb899dc08127123af36a79", "f0b870f674851ecbfbbbd364d6b5cbdff9dcedbc7f3f5e18a6891057f21fe399"]
colorama = ["05eed71e2e327246ad6b38c540c4a3117230b19679b875190486ddd2d721422d", "f8ac84de7840f5b9c4e3347b3c1eaa50f7e49c2b07596221daec5edaabbd7c48"]
googleapis-common-protos = ["627ec53fab43d06c1b5c950e217fa9819e169daf753111a7f244e94bf8fb3384"]
grpcio = ["177fb72c6c8f89788d8065ee5dd239af7a7a26962a4d81777c156c4813ae87dc", "181c0066d0005f81f384cbeade9d5a41dee1e97dc9e6ba005122d4a753b1f056", "26860ffbb5830d3dca76955699996e59703a6b2d4f71c33617178817a6fea303", "277ab0a2c0eb503491300c89a34093caa33dbc5c05c5f49e3f01c65c5fbbeb83", "36719664bc1bf8db4027b576b0f65f36a6cbcea69fe522ea29ee9d02fb4191a5", "43caff66c30fcfcb59424ec121bac0db6b0831da1310e7ec7ec8ad847ecef30b", "4666caf3e642ece8119597482734ab16f14b5d842334b45267182aace0fb2dae", "48bb0526c612c0e5ae39d6e1f5d12eb75ee5e588560a86347dfc381717ed091d", "69d5bb14479be7d6c7097715c54eebbda2c0ba6a8e228aabc69f18e1fd6eaed4", "6aaf92894f12bc7d7c467e0b7f665a319a20b48d41297a3a77de95da8d03a73b", "739e97e7d25b5fb4ed3dc7daedd725a04e1caccce7bf7f2cbc6fa4efef975b05", "79977b7fd02f83ca1eb2489415509f13bf2ee16b49f53e1893547fa54a057242", "7ac4c298579015b84d612ac70ec7b7aeba44db7e87ac075402a3b20a4402553a", "7c0ebcbe5c52ca179fe3e47c3f12bb74d62227d762bb62a42d0fb6178a8b5845", "9207a8339078dc5558e5ae15a8e95012c31dcc317029224a159292c1cae382b2", "953a72d9f4f4f011789c6147fbe5e93419fdf3891d8ee5840fd9c7bd02960739", "9b93e74fceec8808e74a7cfde9f852d35f34283cf6441cdecbfbfb39611bd143", "9fe8d4d694b2ccb272473ac4b8813b3a649ea53448235b43759913c99fe5f0d0", "a4bde6b6800d82f772f72669d1772cf740d1aec5ca98c8edffa3dfd531ecf7c6", "a9d8f04e820dc20fa120e0af4f8e995155b8dcc475c34fb31be105c8eeac74c3", "bc26186dca4ee75dbe33a367217e7318f4fc135c5f02437e7f84fa853e9a877d", "ceaa0e4ea3259bea36d08f332e49bb28120669b651b1a50d64e553ac4add3a86", "d4fea86ed6c1585ac51cb15f2ae8d58feeebcdf11cb6de38807fffedb2e019b2", "d51a486a1cfdedb19d3f50e12c030841384f46fcb1ec0de216fc55a85e752321", "dc28b9ea5e6c2c75a54cd194c15a8a742a7ad710c1ccfca8e84d50420a2a1aef", "dd55e694ddd1c439fb933ac21c297a7e019c7db7b44178579822129cd28b8c44", "e20804844b4ce2db0f700762c352170a3957a80080703ee3a53cce2e72849d36", "ecbd9900d4237cdb166ab923a9c76ad16880d166494e04df58ae7f8e2a14a9dd", "f8c5c455e4a843500f236231fa250eb4e2e81c1e8f2280ae56f1ed3f25f8c332", "f9119f484a04ea1a006f4d7b4a9ca4a77ff91c5afd166a2aa0417e6bd5b4eb3b", "f936b811ecb44cf8a83c8b8fea7b9191e04f96d168681b2744a4b7c1b3812b34", "fa61afe6258f16efc4c6793a3a39bcd5a7eec43ea1789fa2d9e437a2e4dbeaf4"]
grpcio-tools = ["007cb56c2201806d6d985458d4ae39b4de322f3f5e87de428c1936acee500ed4", "0b24e6d41bf067debea53f8bcb9d775ff9697b6b27af0a1fe4d61857c115107a", "0f39f634a961b2f5e54d675491956d8c4bba91cedfbc829d1a86b6f2aa54319b", "1496184a94d7f3bdae56207aa761301cc93a7941c82698252101064c7af3314f", "28d5fc1187a4b0e6b9028e5eca8c3b8133bd70439a40de86a4672128de7e02c0", "3872adecced29dffb11bb43ea6f9dc37b35c422adf6444836951950333614535", "45d79039654fc815bf9b1ff4abfbaa4799d1a298c6b180a434094d07d23e1621", "50b52a67802fc36177a683ff12b4e694c80c418eb2b192249cca07d9fc50906c", "54763a9764d7261950b6e071e67f3da25683b4184c9b0838f2d9ab743740c392", "56ade91dbe87db93466fb164d7ed991eb9abc8e874dd560146143f20b8d8baee", "5ac324e413cff6130a089d8d1848da897d78ddd2e23864af8d18979f29f0b353", "5adbdcc5a5a2ffa1d98c897e4f3e993d2683e9a0008b646760eecbdd42e8ccd5", "5f261e03b36b2de05069077710b1afef8ee51c2cf0b83d37dd4159bd9462eb76", "78ed74746cab6c519d9b504ab8e4178d39862182e1ae4f0728836455f0c47d5c", "7af450f5cbf15a6ed1c508c4a7e0a2d1cbb16060fcea68b8783ae4f126da569c", "80753c97c4bffcd94b5b36eb7bcc6c00d4d5eaa709f8a7efd8b8f2304173e9ff", "861970085d96f92a0f36a13c6030cc4f019782e78b56effaebe2066858f45f31", "949fe5ff104f30643729cef8f200e3b566caf10c009618bd63e34c5a8446b9b2", "952078102bd9015a6d7224d63d1a5c545b4f147a62bd2660de76de84e06a589a", "9916244064448c590dcb78c58c02ead315fd19563f2073dbb6139d87375660f0", "ac139f0bb14b16841b23f7284922b060bff66e845b164fdf4160aed51bdb707e", "b6f6eea8abe67eb783b7da51121b2a2c3fe74344d1fa2b1a2a34a0512a90460b", "c05f0f4bdd47a8438a79545387e59d00f028267de64fa7d328bf3c96057660b7", "c81fdb8ae6776c9a74992e7641ceb65be26853a1f5530e735f015305f0df27cd", "cc5552cd71e3f2003749afcfab7386445b774586201bdbf3c7cba077382c139e", "df72620dd2bf06eb5904e790a9252737f3ac9d2ced935fe323e86f0f46ebadc5", "e343a2bf772a295b5c64933827e209c9235c00d2d789ebf5e28f5c1d920cd21d", "e8d49d25e58187ef91be2cf94f939faa2b724e7cb772f2cf59c96277a282530d", "f04d926a119654c62033bf0e670b1a08899b3cdd893bfa73d22a0282f99ba1f8", "f81bdb1775c8800cdc1f4bd28bf6808717c4b751d782db5420367a1a620d206d", "fc022c8596f5460c126801e445a27a6425acb886f712e10b1e8615683681aa50", "fd3f5cb21c83a74b381f20f6d7a79429533725bca862f23ad463366f91b319f7"]
more-itertools = ["2112d2ca570bb7c3e53ea1a35cd5df42bb0fd10c45f0fb97178679c3c03d64c7", "c3e4748ba1aad8dba30a4886b0b1a2004f9a863837b8654e7059eebf727afa5a"]
numpy = ["0e2eed77804b2a6a88741f8fcac02c5499bba3953ec9c71e8b217fad4912c56c", "1c666f04553ef70fda54adf097dbae7080645435fc273e2397f26bbf1d127bbb", "1f46532afa7b2903bfb1b79becca2954c0a04389d19e03dc73f06b039048ac40", "315fa1b1dfc16ae0f03f8fd1c55f23fd15368710f641d570236f3d78af55e340", "3d5fcea4f5ed40c3280791d54da3ad2ecf896f4c87c877b113576b8280c59441", "48241759b99d60aba63b0e590332c600fc4b46ad597c9b0a53f350b871ef0634", "4b4f2924b36d857cf302aec369caac61e43500c17eeef0d7baacad1084c0ee84", "54fe3b7ed9e7eb928bbc4318f954d133851865f062fa4bbb02ef8940bc67b5d2", "5a8f021c70e6206c317974c93eaaf9bc2b56295b6b1cacccf88846e44a1f33fc", "754a6be26d938e6ca91942804eb209307b73f806a1721176278a6038869a1686", "771147e654e8b95eea1293174a94f34e2e77d5729ad44aefb62fbf8a79747a15", "78a6f89da87eeb48014ec652a65c4ffde370c036d780a995edaeb121d3625621", "7fde5c2a3a682a9e101e61d97696687ebdba47637611378b4127fe7e47fdf2bf", "80d99399c97f646e873dd8ce87c38cfdbb668956bbc39bc1e6cac4b515bba2a0", "88a72c1e45a0ae24d1f249a529d9f71fe82e6fa6a3fd61414b829396ec585900", "a4f4460877a16ac73302a9c077ca545498d9fe64e6a81398d8e1a67e4695e3df", "a61255a765b3ac73ee4b110b28fccfbf758c985677f526c2b4b39c48cc4b509d", "ab4896a8c910b9a04c0142871d8800c76c8a2e5ff44763513e1dd9d9631ce897", "abbd6b1c2ef6199f4b7ca9f818eb6b31f17b73a6110aadc4e4298c3f00fab24e", "b16d88da290334e33ea992c56492326ea3b06233a00a1855414360b77ca72f26", "b78a1defedb0e8f6ae1eb55fa6ac74ab42acc4569c3a2eacc2a407ee5d42ebcb", "cfef82c43b8b29ca436560d51b2251d5117818a8d1fb74a8384a83c096745dad", "d160e57731fcdec2beda807ebcabf39823c47e9409485b5a3a1db3a8c6ce763e"]
pandas = ["11975fad9edbdb55f1a560d96f91830e83e29bed6ad5ebf506abda09818eaf60", "12e13d127ca1b585dd6f6840d3fe3fa6e46c36a6afe2dbc5cb0b57032c902e31", "1c87fcb201e1e06f66e23a61a5fea9eeebfe7204a66d99df24600e3f05168051", "242e9900de758e137304ad4b5663c2eff0d798c2c3b891250bd0bd97144579da", "26c903d0ae1542890cb9abadb4adcb18f356b14c2df46e4ff657ae640e3ac9e7", "2e1e88f9d3e5f107b65b59cd29f141995597b035d17cc5537e58142038942e1a", "31b7a48b344c14691a8e92765d4023f88902ba3e96e2e4d0364d3453cdfd50db", "4fd07a932b4352f8a8973761ab4e84f965bf81cc750fb38e04f01088ab901cb8", "5b24ca47acf69222e82530e89111dd9d14f9b970ab2cd3a1c2c78f0c4fbba4f4", "647b3b916cc8f6aeba240c8171be3ab799c3c1b2ea179a3be0bd2712c4237553", "66b060946046ca27c0e03e9bec9bba3e0b918bafff84c425ca2cc2e157ce121e", "6efa9fa6e1434141df8872d0fa4226fc301b17aacf37429193f9d70b426ea28f", "be4715c9d8367e51dbe6bc6d05e205b1ae234f0dc5465931014aa1c4af44c1ba", "bea90da782d8e945fccfc958585210d23de374fa9294a9481ed2abcef637ebfc", "d318d77ab96f66a59e792a481e2701fba879e1a453aefeebdb17444fe204d1ed", "d785fc08d6f4207437e900ffead930a61e634c5e4f980ba6d3dc03c9581748c7", "de9559287c4fe8da56e8c3878d2374abc19d1ba2b807bfa7553e912a8e5ba87c", "f4f98b190bb918ac0bc0e3dd2ab74ff3573da9f43106f6dba6385406912ec00f", "f71f1a7e2d03758f6e957896ed696254e2bc83110ddbc6942018f1a232dd9dad", "fb944c8f0b0ab5c1f7846c686bc4cdf8cde7224655c12edcd59d5212cd57bec0"]
pathlib2 = ["25199318e8cc3c25dcb45cbe084cc061051336d5a9ea2a12448d3d8cb748f742", "5887121d7f7df3603bca2f710e7219f3eca0eb69e0b7cc6e0a022e155ac931a7"]
pluggy = ["19ecf9ce9db2fce065a7a0586e07cfb4ac8614fe96edf628a264b1c70116cf8f", "84d306a647cc805219916e62aab89caa97a33a1dd8c342e87a37f91073cd4746"]
protobuf = ["21e395d7959551e759d604940a115c51c6347d90a475c9baf471a1a86b5604a9", "57e05e16955aee9e6a0389fcbd58d8289dd2420e47df1a1096b3a232c26eb2dd", "67819e8e48a74c68d87f25cad9f40edfe2faf278cdba5ca73173211b9213b8c9", "75da7d43a2c8a13b0bc7238ab3c8ae217cbfd5979d33b01e98e1f78defb2d060", "78e08371e236f193ce947712c072542ff19d0043ab5318c2ea46bbc2aaebdca6", "7ee5b595db5abb0096e8c4755e69c20dfad38b2d0bcc9bc7bafc652d2496b471", "86260ecfe7a66c0e9d82d2c61f86a14aa974d340d159b829b26f35f710f615db", "92c77db4bd33ea4ee5f15152a835273f2338a5246b2cbb84bab5d0d7f6e9ba94", "9c7b90943e0e188394b4f068926a759e3b4f63738190d1ab3d500d53b9ce7614", "a77f217ea50b2542bae5b318f7acee50d9fc8c95dd6d3656eaeff646f7cab5ee", "ad589ed1d1f83db22df867b10e01fe445516a5a4d7cfa37fe3590a5f6cfc508b", "b06a794901bf573f4b2af87e6139e5cd36ac7c91ac85d7ae3fe5b5f6fc317513", "bd8592cc5f8b4371d0bad92543370d4658dc41a5ccaaf105597eb5524c616291", "be48e5a6248a928ec43adf2bea037073e5da692c0b3c10b34f9904793bd63138", "cc5eb13f5ccc4b1b642cc147c2cdd121a34278b341c7a4d79e91182fff425836", "cd3b0e0ad69b74ee55e7c321f52a98effed2b4f4cc9a10f3683d869de00590d5", "d6e88c4920660aa75c0c2c4b53407aef5efd9a6e0ca7d2fc84d79aba2ccbda3a", "ec3c49b6d247152e19110c3a53d9bb4cf917747882017f70796460728b02722e", "f1f5d8b8e0bc9651d81b40ad3d9fb7cdd858ea31fc116dd230393465849dbecd"]
py = ["64f65755aee5b381cea27766a3a147c3f15b9b6b9ac88676de66ba2ae36793fa", "dc639b046a6e2cff5bbe40194ad65936d6ba360b52b3c3fe1d08a82dd50b5e53"]
pytest = ["3f193df1cfe1d1609d4c583838bea3d532b18d6160fd3f55c9447fdca30848ec", "e246cf173c01169b9617fc07264b7b1316e78d7a650055235d6d897bc80d9660"]
python-dateutil = ["7e6584c74aeed623791615e26efd690f29817a27c73085b78e4bad02493df2fb", "c89805f6f4d64db21ed966fda138f8a5ed7a4fdbc1a8ee329ce1b74e3c74da9e"]
pytz = ["303879e36b721603cc54604edcac9d20401bdbe31e1e4fdee5b9f98d5d31dfda", "d747dd3d23d77ef44c6a3526e274af6efeb0a6f1afd5a69ba4d5be4098c8e141"]
six = ["3350809f0555b11f552448330d0b52d5f24c91a322ea4a15ef22629740f3761c", "d16a0141ec1a18405cd4ce8b4613101da75da0e9a7aec5bdd4fa804d0e0eba73"]
